{
  "name": "autofan",
  "version": "0.1.0",
  "lockfileVersion": 1,
  "requires": true,
  "dependencies": {
    "bindings": {
      "version": "1.5.0",
      "resolved": "https://registry.npmjs.org/bindings/-/bindings-1.5.0.tgz",
      "integrity": "sha512-p2q/t/mhvuOj/UeLlV6566GD/guowlr0hHxClI0W9m7MWYkL1F0hLo+0Aexs9HSPCtR1SXQ0TD3MMKrXZajbiQ==",
      "requires": {
        "file-uri-to-path": "1.0.0"
      }
    },
    "child_process": {
      "version": "1.0.2",
      "resolved": "https://registry.npmjs.org/child_process/-/child_process-1.0.2.tgz",
      "integrity": "sha1-sffn/HPSXn/R1FWtyU4UODAYK1o="
    },
    "commander": {
      "version": "4.1.1",
      "resolved": "https://registry.npmjs.org/commander/-/commander-4.1.1.tgz",
      "integrity": "sha512-NOKm8xhkzAjzFx8B2v5OAHT+u5pRQc2UCa2Vq9jYL/31o2wi9mxBA7LIFs3sV5VSC49z6pEhfbMULvShKj26WA=="
    },
    "file-uri-to-path": {
      "version": "1.0.0",
      "resolved": "https://registry.npmjs.org/file-uri-to-path/-/file-uri-to-path-1.0.0.tgz",
      "integrity": "sha512-0Zt+s3L7Vf1biwWZ29aARiVYLx7iMGnEUl9x33fbB/j3jR81u/O2LbqK+Bm1CDSNDKVtJ/YjwY7TUd5SkeLQLw=="
    },
    "j5-io-types": {
      "version": "2.5.0",
      "resolved": "https://registry.npmjs.org/j5-io-types/-/j5-io-types-2.5.0.tgz",
      "integrity": "sha512-S44ds7NZfVUL3xsvboNEIXnrZ0TDUPixKtdcO4+L3bUctWzAtHSTvPmyU9G8urqfzXl6d22xBq7c+sjGUrD4+w=="
    },
    "lodash.castarray": {
      "version": "4.4.0",
      "resolved": "https://registry.npmjs.org/lodash.castarray/-/lodash.castarray-4.4.0.tgz",
      "integrity": "sha1-wCUTUV4wna3dTCTGDP3c9ZdtkRU="
    },
    "lodash.defaultto": {
      "version": "4.14.0",
      "resolved": "https://registry.npmjs.org/lodash.defaultto/-/lodash.defaultto-4.14.0.tgz",
      "integrity": "sha1-OL09QlrO5zPg4ru9TkspcRzC7hE="
    },
    "lodash.groupby": {
      "version": "4.6.0",
      "resolved": "https://registry.npmjs.org/lodash.groupby/-/lodash.groupby-4.6.0.tgz",
      "integrity": "sha1-Cwih3PaDl8OXhVwyOXg4Mt90A9E="
    },
    "lodash.isequal": {
      "version": "4.5.0",
      "resolved": "https://registry.npmjs.org/lodash.isequal/-/lodash.isequal-4.5.0.tgz",
      "integrity": "sha1-QVxEePK8wwEgwizhDtMib30+GOA="
    },
    "loglevel": {
      "version": "1.7.0",
      "resolved": "https://registry.npmjs.org/loglevel/-/loglevel-1.7.0.tgz",
      "integrity": "sha512-i2sY04nal5jDcagM3FMfG++T69GEEM8CYuOfeOIvmXzOIcwE9a/CJPR0MFM97pYMj/u10lzz7/zd7+qwhrBTqQ=="
    },
    "nan": {
      "version": "2.14.1",
      "resolved": "https://registry.npmjs.org/nan/-/nan-2.14.1.tgz",
      "integrity": "sha512-isWHgVjnFjh2x2yuJ/tj3JbwoHu3UC2dX5G/88Cm24yB6YopVgxvBObDY7n5xW6ExmFhJpSEQqFPvq9zaXc8Jw=="
    },
    "pigpio": {
      "version": "1.3.0",
      "resolved": "https://registry.npmjs.org/pigpio/-/pigpio-1.3.0.tgz",
      "integrity": "sha512-9W6VBF6tvmLyEaYdp+3lZ0dvnFsdtH4lK6p7s0O1MX4pu92zwO6o2YUJQabF/0bmtnME5g40yURp7jGVjdRhcw==",
      "requires": {
        "bindings": "^1.5.0",
        "nan": "^2.14.0"
      }
    },
    "promise-queue": {
      "version": "2.2.5",
      "resolved": "https://registry.npmjs.org/promise-queue/-/promise-queue-2.2.5.tgz",
      "integrity": "sha1-L29ffA9tCBCelnZZx5uIqe1ek7Q="
    },
    "raspi": {
      "version": "6.0.1",
      "resolved": "https://registry.npmjs.org/raspi/-/raspi-6.0.1.tgz",
      "integrity": "sha512-vv7P8QgUCC0wjN9aBGi7SKy7LClZSsIMSQyEE+GUVzImbX44OTftj3Vjo+Kbl2d+acmjBNNkEk/jnzXDZMcI5g==",
      "requires": {
        "j5-io-types": "^2.4.0",
        "raspi-board": "^7.0.0"
      }
    },
    "raspi-board": {
      "version": "7.3.3",
      "resolved": "https://registry.npmjs.org/raspi-board/-/raspi-board-7.3.3.tgz",
      "integrity": "sha512-2PJFfoZ7Sma5nR2gqRso55XvmEvc1Donc+dwY6mhCddbNXPdvsr45J3bYON1h1619PFkTFcuzW+i5e5LZvKOZQ==",
      "requires": {
        "j5-io-types": "^2.4.0"
      }
    },
    "raspi-gpio": {
      "version": "6.2.2",
      "resolved": "https://registry.npmjs.org/raspi-gpio/-/raspi-gpio-6.2.2.tgz",
      "integrity": "sha512-3K8wicffH7HhQ9crGNi+BWUO86YVSGBF70bT7qGWPoBSy1QbNP1/bkLqqkZrNXPi/54PiHiz+Tf9e2YbqwoBig==",
      "requires": {
        "j5-io-types": "^2.4.0",
        "pigpio": "^1.2.1",
        "raspi-board": "^7.1.2",
        "raspi-peripheral": "^3.0.3"
      }
    },
    "raspi-peripheral": {
      "version": "3.0.4",
      "resolved": "https://registry.npmjs.org/raspi-peripheral/-/raspi-peripheral-3.0.4.tgz",
      "integrity": "sha512-IG/s6Y4isbTLUmuMPc3TtCLT2jm2ist66p2HmfOBalQ47Z6RKhLJsHj49c0e/aIZ7s45JGeAm6A9iO1Q/rMdVg==",
      "requires": {
        "j5-io-types": "^2.4.0",
        "raspi": "^6.0.1",
        "raspi-board": "^7.1.2"
      }
    },
    "tplink-smarthome-api": {
      "version": "2.0.0",
      "resolved": "https://registry.npmjs.org/tplink-smarthome-api/-/tplink-smarthome-api-2.0.0.tgz",
      "integrity": "sha512-6mpImAh5wM6dF4sEpF+nzq4Anh+o1DlwTsApOA+NsqN/Foh+tczQDOjde8Ei3p1do5SVG8Z57PEH6+4sA5SNJQ==",
      "requires": {
        "commander": "^4.0.1",
        "lodash.castarray": "^4.4.0",
        "lodash.defaultto": "^4.14.0",
        "lodash.groupby": "^4.6.0",
        "lodash.isequal": "^4.5.0",
        "loglevel": "^1.6.6",
        "promise-queue": "^2.2.5",
        "tplink-smarthome-crypto": "^2.0.0"
      }
    },
    "tplink-smarthome-crypto": {
      "version": "2.0.0",
      "resolved": "https://registry.npmjs.org/tplink-smarthome-crypto/-/tplink-smarthome-crypto-2.0.0.tgz",
      "integrity": "sha512-s7DIbRIHe+hXJReKtd+Dz0qO+ZKSLEsFFeKfSe/yKrTl6y9+JHvcUe4GBL/uDlKwiVkP+lp28nKndnBNJ0vRmw=="
    }
  }
}
